// !$*UTF8*$!
{
	archiveVersion = 1;
	classes = {
	};
	objectVersion = 55;
	objects = {

/* Begin PBXBuildFile section */
		409B830128AE59F50039D201 /* AppDelegate.swift in Sources */ = {isa = PBXBuildFile; fileRef = 409B830028AE59F50039D201 /* AppDelegate.swift */; };
		409B830328AE59F50039D201 /* SceneDelegate.swift in Sources */ = {isa = PBXBuildFile; fileRef = 409B830228AE59F50039D201 /* SceneDelegate.swift */; };
		409B830528AE59F50039D201 /* ViewController.swift in Sources */ = {isa = PBXBuildFile; fileRef = 409B830428AE59F50039D201 /* ViewController.swift */; };
		409B830A28AE59F70039D201 /* Assets.xcassets in Resources */ = {isa = PBXBuildFile; fileRef = 409B830928AE59F70039D201 /* Assets.xcassets */; };
		409B830D28AE59F70039D201 /* LaunchScreen.storyboard in Resources */ = {isa = PBXBuildFile; fileRef = 409B830B28AE59F70039D201 /* LaunchScreen.storyboard */; };
		409B831828AE59F70039D201 /* HarryPotterTests.swift in Sources */ = {isa = PBXBuildFile; fileRef = 409B831728AE59F70039D201 /* HarryPotterTests.swift */; };
		409B832228AE59F70039D201 /* HarryPotterUITests.swift in Sources */ = {isa = PBXBuildFile; fileRef = 409B832128AE59F70039D201 /* HarryPotterUITests.swift */; };
		409B832428AE59F70039D201 /* HarryPotterUITestsLaunchTests.swift in Sources */ = {isa = PBXBuildFile; fileRef = 409B832328AE59F70039D201 /* HarryPotterUITestsLaunchTests.swift */; };
/* End PBXBuildFile section */

/* Begin PBXContainerItemProxy section */
		409B831428AE59F70039D201 /* PBXContainerItemProxy */ = {
			isa = PBXContainerItemProxy;
			containerPortal = 409B82F528AE59F50039D201 /* Project object */;
			proxyType = 1;
			remoteGlobalIDString = 409B82FC28AE59F50039D201;
			remoteInfo = HarryPotter;
		};
		409B831E28AE59F70039D201 /* PBXContainerItemProxy */ = {
			isa = PBXContainerItemProxy;
			containerPortal = 409B82F528AE59F50039D201 /* Project object */;
			proxyType = 1;
			remoteGlobalIDString = 409B82FC28AE59F50039D201;
			remoteInfo = HarryPotter;
		};
/* End PBXContainerItemProxy section */

/* Begin PBXFileReference section */
		409B82FD28AE59F50039D201 /* HarryPotter.app */ = {isa = PBXFileReference; explicitFileType = wrapper.application; includeInIndex = 0; path = HarryPotter.app; sourceTree = BUILT_PRODUCTS_DIR; };
		409B830028AE59F50039D201 /* AppDelegate.swift */ = {isa = PBXFileReference; lastKnownFileType = sourcecode.swift; path = AppDelegate.swift; sourceTree = "<group>"; };
		409B830228AE59F50039D201 /* SceneDelegate.swift */ = {isa = PBXFileReference; lastKnownFileType = sourcecode.swift; path = SceneDelegate.swift; sourceTree = "<group>"; };
		409B830428AE59F50039D201 /* ViewController.swift */ = {isa = PBXFileReference; lastKnownFileType = sourcecode.swift; path = ViewController.swift; sourceTree = "<group>"; };
		409B830928AE59F70039D201 /* Assets.xcassets */ = {isa = PBXFileReference; lastKnownFileType = folder.assetcatalog; path = Assets.xcassets; sourceTree = "<group>"; };
		409B830C28AE59F70039D201 /* Base */ = {isa = PBXFileReference; lastKnownFileType = file.storyboard; name = Base; path = Base.lproj/LaunchScreen.storyboard; sourceTree = "<group>"; };
		409B830E28AE59F70039D201 /* Info.plist */ = {isa = PBXFileReference; lastKnownFileType = text.plist.xml; path = Info.plist; sourceTree = "<group>"; };
		409B831328AE59F70039D201 /* HarryPotterTests.xctest */ = {isa = PBXFileReference; explicitFileType = wrapper.cfbundle; includeInIndex = 0; path = HarryPotterTests.xctest; sourceTree = BUILT_PRODUCTS_DIR; };
		409B831728AE59F70039D201 /* HarryPotterTests.swift */ = {isa = PBXFileReference; lastKnownFileType = sourcecode.swift; path = HarryPotterTests.swift; sourceTree = "<group>"; };
		409B831D28AE59F70039D201 /* HarryPotterUITests.xctest */ = {isa = PBXFileReference; explicitFileType = wrapper.cfbundle; includeInIndex = 0; path = HarryPotterUITests.xctest; sourceTree = BUILT_PRODUCTS_DIR; };
		409B832128AE59F70039D201 /* HarryPotterUITests.swift */ = {isa = PBXFileReference; lastKnownFileType = sourcecode.swift; path = HarryPotterUITests.swift; sourceTree = "<group>"; };
		409B832328AE59F70039D201 /* HarryPotterUITestsLaunchTests.swift */ = {isa = PBXFileReference; lastKnownFileType = sourcecode.swift; path = HarryPotterUITestsLaunchTests.swift; sourceTree = "<group>"; };
/* End PBXFileReference section */

/* Begin PBXFrameworksBuildPhase section */
		409B82FA28AE59F50039D201 /* Frameworks */ = {
			isa = PBXFrameworksBuildPhase;
			buildActionMask = 2147483647;
			files = (
			);
			runOnlyForDeploymentPostprocessing = 0;
		};
		409B831028AE59F70039D201 /* Frameworks */ = {
			isa = PBXFrameworksBuildPhase;
			buildActionMask = 2147483647;
			files = (
			);
			runOnlyForDeploymentPostprocessing = 0;
		};
		409B831A28AE59F70039D201 /* Frameworks */ = {
			isa = PBXFrameworksBuildPhase;
			buildActionMask = 2147483647;
			files = (
			);
			runOnlyForDeploymentPostprocessing = 0;
		};
/* End PBXFrameworksBuildPhase section */

/* Begin PBXGroup section */
		409B82F428AE59F50039D201 = {
			isa = PBXGroup;
			children = (
				409B82FF28AE59F50039D201 /* HarryPotter */,
				409B831628AE59F70039D201 /* HarryPotterTests */,
				409B832028AE59F70039D201 /* HarryPotterUITests */,
				409B82FE28AE59F50039D201 /* Products */,
			);
			sourceTree = "<group>";
		};
		409B82FE28AE59F50039D201 /* Products */ = {
			isa = PBXGroup;
			children = (
				409B82FD28AE59F50039D201 /* HarryPotter.app */,
				409B831328AE59F70039D201 /* HarryPotterTests.xctest */,
				409B831D28AE59F70039D201 /* HarryPotterUITests.xctest */,
			);
			name = Products;
			sourceTree = "<group>";
		};
		409B82FF28AE59F50039D201 /* HarryPotter */ = {
			isa = PBXGroup;
			children = (
				409B830028AE59F50039D201 /* AppDelegate.swift */,
				409B830228AE59F50039D201 /* SceneDelegate.swift */,
				409B830428AE59F50039D201 /* ViewController.swift */,
				409B830928AE59F70039D201 /* Assets.xcassets */,
				409B830B28AE59F70039D201 /* LaunchScreen.storyboard */,
				409B830E28AE59F70039D201 /* Info.plist */,
			);
			path = HarryPotter;
			sourceTree = "<group>";
		};
		409B831628AE59F70039D201 /* HarryPotterTests */ = {
			isa = PBXGroup;
			children = (
				409B831728AE59F70039D201 /* HarryPotterTests.swift */,
			);
			path = HarryPotterTests;
			sourceTree = "<group>";
		};
		409B832028AE59F70039D201 /* HarryPotterUITests */ = {
			isa = PBXGroup;
			children = (
				409B832128AE59F70039D201 /* HarryPotterUITests.swift */,
				409B832328AE59F70039D201 /* HarryPotterUITestsLaunchTests.swift */,
			);
			path = HarryPotterUITests;
			sourceTree = "<group>";
		};
/* End PBXGroup section */

/* Begin PBXNativeTarget section */
		409B82FC28AE59F50039D201 /* HarryPotter */ = {
			isa = PBXNativeTarget;
			buildConfigurationList = 409B832728AE59F70039D201 /* Build configuration list for PBXNativeTarget "HarryPotter" */;
			buildPhases = (
				409B82F928AE59F50039D201 /* Sources */,
				409B82FA28AE59F50039D201 /* Frameworks */,
				409B82FB28AE59F50039D201 /* Resources */,
			);
			buildRules = (
			);
			dependencies = (
			);
			name = HarryPotter;
			productName = HarryPotter;
			productReference = 409B82FD28AE59F50039D201 /* HarryPotter.app */;
			productType = "com.apple.product-type.application";
		};
		409B831228AE59F70039D201 /* HarryPotterTests */ = {
			isa = PBXNativeTarget;
			buildConfigurationList = 409B832A28AE59F70039D201 /* Build configuration list for PBXNativeTarget "HarryPotterTests" */;
			buildPhases = (
				409B830F28AE59F70039D201 /* Sources */,
				409B831028AE59F70039D201 /* Frameworks */,
				409B831128AE59F70039D201 /* Resources */,
			);
			buildRules = (
			);
			dependencies = (
				409B831528AE59F70039D201 /* PBXTargetDependency */,
			);
			name = HarryPotterTests;
			productName = HarryPotterTests;
			productReference = 409B831328AE59F70039D201 /* HarryPotterTests.xctest */;
			productType = "com.apple.product-type.bundle.unit-test";
		};
		409B831C28AE59F70039D201 /* HarryPotterUITests */ = {
			isa = PBXNativeTarget;
			buildConfigurationList = 409B832D28AE59F70039D201 /* Build configuration list for PBXNativeTarget "HarryPotterUITests" */;
			buildPhases = (
				409B831928AE59F70039D201 /* Sources */,
				409B831A28AE59F70039D201 /* Frameworks */,
				409B831B28AE59F70039D201 /* Resources */,
			);
			buildRules = (
			);
			dependencies = (
				409B831F28AE59F70039D201 /* PBXTargetDependency */,
			);
			name = HarryPotterUITests;
			productName = HarryPotterUITests;
			productReference = 409B831D28AE59F70039D201 /* HarryPotterUITests.xctest */;
			productType = "com.apple.product-type.bundle.ui-testing";
		};
/* End PBXNativeTarget section */

/* Begin PBXProject section */
		409B82F528AE59F50039D201 /* Project object */ = {
			isa = PBXProject;
			attributes = {
				BuildIndependentTargetsInParallel = 1;
				LastSwiftUpdateCheck = 1340;
				LastUpgradeCheck = 1340;
				TargetAttributes = {
					409B82FC28AE59F50039D201 = {
						CreatedOnToolsVersion = 13.4.1;
					};
					409B831228AE59F70039D201 = {
						CreatedOnToolsVersion = 13.4.1;
						TestTargetID = 409B82FC28AE59F50039D201;
					};
					409B831C28AE59F70039D201 = {
						CreatedOnToolsVersion = 13.4.1;
						TestTargetID = 409B82FC28AE59F50039D201;
					};
				};
			};
			buildConfigurationList = 409B82F828AE59F50039D201 /* Build configuration list for PBXProject "HarryPotter" */;
			compatibilityVersion = "Xcode 13.0";
			developmentRegion = en;
			hasScannedForEncodings = 0;
			knownRegions = (
				en,
				Base,
			);
			mainGroup = 409B82F428AE59F50039D201;
			productRefGroup = 409B82FE28AE59F50039D201 /* Products */;
			projectDirPath = "";
			projectRoot = "";
			targets = (
				409B82FC28AE59F50039D201 /* HarryPotter */,
				409B831228AE59F70039D201 /* HarryPotterTests */,
				409B831C28AE59F70039D201 /* HarryPotterUITests */,
			);
		};
/* End PBXProject section */

/* Begin PBXResourcesBuildPhase section */
		409B82FB28AE59F50039D201 /* Resources */ = {
			isa = PBXResourcesBuildPhase;
			buildActionMask = 2147483647;
			files = (
				409B830D28AE59F70039D201 /* LaunchScreen.storyboard in Resources */,
				409B830A28AE59F70039D201 /* Assets.xcassets in Resources */,
			);
			runOnlyForDeploymentPostprocessing = 0;
		};
		409B831128AE59F70039D201 /* Resources */ = {
			isa = PBXResourcesBuildPhase;
			buildActionMask = 2147483647;
			files = (
			);
			runOnlyForDeploymentPostprocessing = 0;
		};
		409B831B28AE59F70039D201 /* Resources */ = {
			isa = PBXResourcesBuildPhase;
			buildActionMask = 2147483647;
			files = (
			);
			runOnlyForDeploymentPostprocessing = 0;
		};
/* End PBXResourcesBuildPhase section */

/* Begin PBXSourcesBuildPhase section */
		409B82F928AE59F50039D201 /* Sources */ = {
			isa = PBXSourcesBuildPhase;
			buildActionMask = 2147483647;
			files = (
				409B830528AE59F50039D201 /* ViewController.swift in Sources */,
				409B830128AE59F50039D201 /* AppDelegate.swift in Sources */,
				409B830328AE59F50039D201 /* SceneDelegate.swift in Sources */,
			);
			runOnlyForDeploymentPostprocessing = 0;
		};
		409B830F28AE59F70039D201 /* Sources */ = {
			isa = PBXSourcesBuildPhase;
			buildActionMask = 2147483647;
			files = (
				409B831828AE59F70039D201 /* HarryPotterTests.swift in Sources */,
			);
			runOnlyForDeploymentPostprocessing = 0;
		};
		409B831928AE59F70039D201 /* Sources */ = {
			isa = PBXSourcesBuildPhase;
			buildActionMask = 2147483647;
			files = (
				409B832228AE59F70039D201 /* HarryPotterUITests.swift in Sources */,
				409B832428AE59F70039D201 /* HarryPotterUITestsLaunchTests.swift in Sources */,
			);
			runOnlyForDeploymentPostprocessing = 0;
		};
/* End PBXSourcesBuildPhase section */

/* Begin PBXTargetDependency section */
		409B831528AE59F70039D201 /* PBXTargetDependency */ = {
			isa = PBXTargetDependency;
			target = 409B82FC28AE59F50039D201 /* HarryPotter */;
			targetProxy = 409B831428AE59F70039D201 /* PBXContainerItemProxy */;
		};
		409B831F28AE59F70039D201 /* PBXTargetDependency */ = {
			isa = PBXTargetDependency;
			target = 409B82FC28AE59F50039D201 /* HarryPotter */;
			targetProxy = 409B831E28AE59F70039D201 /* PBXContainerItemProxy */;
		};
/* End PBXTargetDependency section */

/* Begin PBXVariantGroup section */
		409B830B28AE59F70039D201 /* LaunchScreen.storyboard */ = {
			isa = PBXVariantGroup;
			children = (
				409B830C28AE59F70039D201 /* Base */,
			);
			name = LaunchScreen.storyboard;
			sourceTree = "<group>";
		};
/* End PBXVariantGroup section */

/* Begin XCBuildConfiguration section */
		409B832528AE59F70039D201 /* Debug */ = {
			isa = XCBuildConfiguration;
			buildSettings = {
				ALWAYS_SEARCH_USER_PATHS = NO;
				CLANG_ANALYZER_NONNULL = YES;
				CLANG_ANALYZER_NUMBER_OBJECT_CONVERSION = YES_AGGRESSIVE;
				CLANG_CXX_LANGUAGE_STANDARD = "gnu++17";
				CLANG_ENABLE_MODULES = YES;
				CLANG_ENABLE_OBJC_ARC = YES;
				CLANG_ENABLE_OBJC_WEAK = YES;
				CLANG_WARN_BLOCK_CAPTURE_AUTORELEASING = YES;
				CLANG_WARN_BOOL_CONVERSION = YES;
				CLANG_WARN_COMMA = YES;
				CLANG_WARN_CONSTANT_CONVERSION = YES;
				CLANG_WARN_DEPRECATED_OBJC_IMPLEMENTATIONS = YES;
				CLANG_WARN_DIRECT_OBJC_ISA_USAGE = YES_ERROR;
				CLANG_WARN_DOCUMENTATION_COMMENTS = YES;
				CLANG_WARN_EMPTY_BODY = YES;
				CLANG_WARN_ENUM_CONVERSION = YES;
				CLANG_WARN_INFINITE_RECURSION = YES;
				CLANG_WARN_INT_CONVERSION = YES;
				CLANG_WARN_NON_LITERAL_NULL_CONVERSION = YES;
				CLANG_WARN_OBJC_IMPLICIT_RETAIN_SELF = YES;
				CLANG_WARN_OBJC_LITERAL_CONVERSION = YES;
				CLANG_WARN_OBJC_ROOT_CLASS = YES_ERROR;
				CLANG_WARN_QUOTED_INCLUDE_IN_FRAMEWORK_HEADER = YES;
				CLANG_WARN_RANGE_LOOP_ANALYSIS = YES;
				CLANG_WARN_STRICT_PROTOTYPES = YES;
				CLANG_WARN_SUSPICIOUS_MOVE = YES;
				CLANG_WARN_UNGUARDED_AVAILABILITY = YES_AGGRESSIVE;
				CLANG_WARN_UNREACHABLE_CODE = YES;
				CLANG_WARN__DUPLICATE_METHOD_MATCH = YES;
				COPY_PHASE_STRIP = NO;
				DEBUG_INFORMATION_FORMAT = dwarf;
				ENABLE_STRICT_OBJC_MSGSEND = YES;
				ENABLE_TESTABILITY = YES;
				GCC_C_LANGUAGE_STANDARD = gnu11;
				GCC_DYNAMIC_NO_PIC = NO;
				GCC_NO_COMMON_BLOCKS = YES;
				GCC_OPTIMIZATION_LEVEL = 0;
				GCC_PREPROCESSOR_DEFINITIONS = (
					"DEBUG=1",
					"$(inherited)",
				);
				GCC_WARN_64_TO_32_BIT_CONVERSION = YES;
				GCC_WARN_ABOUT_RETURN_TYPE = YES_ERROR;
				GCC_WARN_UNDECLARED_SELECTOR = YES;
				GCC_WARN_UNINITIALIZED_AUTOS = YES_AGGRESSIVE;
				GCC_WARN_UNUSED_FUNCTION = YES;
				GCC_WARN_UNUSED_VARIABLE = YES;
				IPHONEOS_DEPLOYMENT_TARGET = 15.5;
				MTL_ENABLE_DEBUG_INFO = INCLUDE_SOURCE;
				MTL_FAST_MATH = YES;
				ONLY_ACTIVE_ARCH = YES;
				SDKROOT = iphoneos;
				SWIFT_ACTIVE_COMPILATION_CONDITIONS = DEBUG;
				SWIFT_OPTIMIZATION_LEVEL = "-Onone";
			};
			name = Debug;
		};
		409B832628AE59F70039D201 /* Release */ = {
			isa = XCBuildConfiguration;
			buildSettings = {
				ALWAYS_SEARCH_USER_PATHS = NO;
				CLANG_ANALYZER_NONNULL = YES;
				CLANG_ANALYZER_NUMBER_OBJECT_CONVERSION = YES_AGGRESSIVE;
				CLANG_CXX_LANGUAGE_STANDARD = "gnu++17";
				CLANG_ENABLE_MODULES = YES;
				CLANG_ENABLE_OBJC_ARC = YES;
				CLANG_ENABLE_OBJC_WEAK = YES;
				CLANG_WARN_BLOCK_CAPTURE_AUTORELEASING = YES;
				CLANG_WARN_BOOL_CONVERSION = YES;
				CLANG_WARN_COMMA = YES;
				CLANG_WARN_CONSTANT_CONVERSION = YES;
				CLANG_WARN_DEPRECATED_OBJC_IMPLEMENTATIONS = YES;
				CLANG_WARN_DIRECT_OBJC_ISA_USAGE = YES_ERROR;
				CLANG_WARN_DOCUMENTATION_COMMENTS = YES;
				CLANG_WARN_EMPTY_BODY = YES;
				CLANG_WARN_ENUM_CONVERSION = YES;
				CLANG_WARN_INFINITE_RECURSION = YES;
				CLANG_WARN_INT_CONVERSION = YES;
				CLANG_WARN_NON_LITERAL_NULL_CONVERSION = YES;
				CLANG_WARN_OBJC_IMPLICIT_RETAIN_SELF = YES;
				CLANG_WARN_OBJC_LITERAL_CONVERSION = YES;
				CLANG_WARN_OBJC_ROOT_CLASS = YES_ERROR;
				CLANG_WARN_QUOTED_INCLUDE_IN_FRAMEWORK_HEADER = YES;
				CLANG_WARN_RANGE_LOOP_ANALYSIS = YES;
				CLANG_WARN_STRICT_PROTOTYPES = YES;
				CLANG_WARN_SUSPICIOUS_MOVE = YES;
				CLANG_WARN_UNGUARDED_AVAILABILITY = YES_AGGRESSIVE;
				CLANG_WARN_UNREACHABLE_CODE = YES;
				CLANG_WARN__DUPLICATE_METHOD_MATCH = YES;
				COPY_PHASE_STRIP = NO;
				DEBUG_INFORMATION_FORMAT = "dwarf-with-dsym";
				ENABLE_NS_ASSERTIONS = NO;
				ENABLE_STRICT_OBJC_MSGSEND = YES;
				GCC_C_LANGUAGE_STANDARD = gnu11;
				GCC_NO_COMMON_BLOCKS = YES;
				GCC_WARN_64_TO_32_BIT_CONVERSION = YES;
				GCC_WARN_ABOUT_RETURN_TYPE = YES_ERROR;
				GCC_WARN_UNDECLARED_SELECTOR = YES;
				GCC_WARN_UNINITIALIZED_AUTOS = YES_AGGRESSIVE;
				GCC_WARN_UNUSED_FUNCTION = YES;
				GCC_WARN_UNUSED_VARIABLE = YES;
				IPHONEOS_DEPLOYMENT_TARGET = 15.5;
				MTL_ENABLE_DEBUG_INFO = NO;
				MTL_FAST_MATH = YES;
				SDKROOT = iphoneos;
				SWIFT_COMPILATION_MODE = wholemodule;
				SWIFT_OPTIMIZATION_LEVEL = "-O";
				VALIDATE_PRODUCT = YES;
			};
			name = Release;
		};
		409B832828AE59F70039D201 /* Debug */ = {
			isa = XCBuildConfiguration;
			buildSettings = {
				ASSETCATALOG_COMPILER_APPICON_NAME = AppIcon;
				ASSETCATALOG_COMPILER_GLOBAL_ACCENT_COLOR_NAME = AccentColor;
				CODE_SIGN_STYLE = Automatic;
				CURRENT_PROJECT_VERSION = 1;
				DEVELOPMENT_TEAM = ZHB7Q2Z8C6;
				GENERATE_INFOPLIST_FILE = YES;
				INFOPLIST_FILE = HarryPotter/Info.plist;
				INFOPLIST_KEY_UIApplicationSupportsIndirectInputEvents = YES;
				INFOPLIST_KEY_UILaunchStoryboardName = LaunchScreen;
				INFOPLIST_KEY_UISupportedInterfaceOrientations_iPad = "UIInterfaceOrientationPortrait UIInterfaceOrientationPortraitUpsideDown UIInterfaceOrientationLandscapeLeft UIInterfaceOrientationLandscapeRight";
				INFOPLIST_KEY_UISupportedInterfaceOrientations_iPhone = "UIInterfaceOrientationPortrait UIInterfaceOrientationLandscapeLeft UIInterfaceOrientationLandscapeRight";
				LD_RUNPATH_SEARCH_PATHS = (
					"$(inherited)",
					"@executable_path/Frameworks",
				);
				MARKETING_VERSION = 1.0;
				PRODUCT_BUNDLE_IDENTIFIER = com.adriannamikulska.HarryPotter;
				PRODUCT_NAME = "$(TARGET_NAME)";
				SWIFT_EMIT_LOC_STRINGS = YES;
				SWIFT_VERSION = 5.0;
				TARGETED_DEVICE_FAMILY = "1,2";
			};
			name = Debug;
		};
		409B832928AE59F70039D201 /* Release */ = {
			isa = XCBuildConfiguration;
			buildSettings = {
				ASSETCATALOG_COMPILER_APPICON_NAME = AppIcon;
				ASSETCATALOG_COMPILER_GLOBAL_ACCENT_COLOR_NAME = AccentColor;
				CODE_SIGN_STYLE = Automatic;
				CURRENT_PROJECT_VERSION = 1;
				DEVELOPMENT_TEAM = ZHB7Q2Z8C6;
				GENERATE_INFOPLIST_FILE = YES;
				INFOPLIST_FILE = HarryPotter/Info.plist;
				INFOPLIST_KEY_UIApplicationSupportsIndirectInputEvents = YES;
				INFOPLIST_KEY_UILaunchStoryboardName = LaunchScreen;
				INFOPLIST_KEY_UISupportedInterfaceOrientations_iPad = "UIInterfaceOrientationPortrait UIInterfaceOrientationPortraitUpsideDown UIInterfaceOrientationLandscapeLeft UIInterfaceOrientationLandscapeRight";
				INFOPLIST_KEY_UISupportedInterfaceOrientations_iPhone = "UIInterfaceOrientationPortrait UIInterfaceOrientationLandscapeLeft UIInterfaceOrientationLandscapeRight";
				LD_RUNPATH_SEARCH_PATHS = (
					"$(inherited)",
					"@executable_path/Frameworks",
				);
				MARKETING_VERSION = 1.0;
				PRODUCT_BUNDLE_IDENTIFIER = com.adriannamikulska.HarryPotter;
				PRODUCT_NAME = "$(TARGET_NAME)";
				SWIFT_EMIT_LOC_STRINGS = YES;
				SWIFT_VERSION = 5.0;
				TARGETED_DEVICE_FAMILY = "1,2";
			};
			name = Release;
		};
		409B832B28AE59F70039D201 /* Debug */ = {
			isa = XCBuildConfiguration;
			buildSettings = {
				ALWAYS_EMBED_SWIFT_STANDARD_LIBRARIES = YES;
				BUNDLE_LOADER = "$(TEST_HOST)";
				CODE_SIGN_STYLE = Automatic;
				CURRENT_PROJECT_VERSION = 1;
				DEVELOPMENT_TEAM = ZHB7Q2Z8C6;
				GENERATE_INFOPLIST_FILE = YES;
				IPHONEOS_DEPLOYMENT_TARGET = 15.5;
				MARKETING_VERSION = 1.0;
				PRODUCT_BUNDLE_IDENTIFIER = com.adriannamikulska.HarryPotterTests;
				PRODUCT_NAME = "$(TARGET_NAME)";
				SWIFT_EMIT_LOC_STRINGS = NO;
				SWIFT_VERSION = 5.0;
				TARGETED_DEVICE_FAMILY = "1,2";
				TEST_HOST = "$(BUILT_PRODUCTS_DIR)/HarryPotter.app/HarryPotter";
			};
			name = Debug;
		};
		409B832C28AE59F70039D201 /* Release */ = {
			isa = XCBuildConfiguration;
			buildSettings = {
				ALWAYS_EMBED_SWIFT_STANDARD_LIBRARIES = YES;
				BUNDLE_LOADER = "$(TEST_HOST)";
				CODE_SIGN_STYLE = Automatic;
				CURRENT_PROJECT_VERSION = 1;
				DEVELOPMENT_TEAM = ZHB7Q2Z8C6;
				GENERATE_INFOPLIST_FILE = YES;
				IPHONEOS_DEPLOYMENT_TARGET = 15.5;
				MARKETING_VERSION = 1.0;
				PRODUCT_BUNDLE_IDENTIFIER = com.adriannamikulska.HarryPotterTests;
				PRODUCT_NAME = "$(TARGET_NAME)";
				SWIFT_EMIT_LOC_STRINGS = NO;
				SWIFT_VERSION = 5.0;
				TARGETED_DEVICE_FAMILY = "1,2";
				TEST_HOST = "$(BUILT_PRODUCTS_DIR)/HarryPotter.app/HarryPotter";
			};
			name = Release;
		};
		409B832E28AE59F70039D201 /* Debug */ = {
			isa = XCBuildConfiguration;
			buildSettings = {
				ALWAYS_EMBED_SWIFT_STANDARD_LIBRARIES = YES;
				CODE_SIGN_STYLE = Automatic;
				CURRENT_PROJECT_VERSION = 1;
				DEVELOPMENT_TEAM = ZHB7Q2Z8C6;
				GENERATE_INFOPLIST_FILE = YES;
				MARKETING_VERSION = 1.0;
				PRODUCT_BUNDLE_IDENTIFIER = com.adriannamikulska.HarryPotterUITests;
				PRODUCT_NAME = "$(TARGET_NAME)";
				SWIFT_EMIT_LOC_STRINGS = NO;
				SWIFT_VERSION = 5.0;
				TARGETED_DEVICE_FAMILY = "1,2";
				TEST_TARGET_NAME = HarryPotter;
			};
			name = Debug;
		};
		409B832F28AE59F70039D201 /* Release */ = {
			isa = XCBuildConfiguration;
			buildSettings = {
				ALWAYS_EMBED_SWIFT_STANDARD_LIBRARIES = YES;
				CODE_SIGN_STYLE = Automatic;
				CURRENT_PROJECT_VERSION = 1;
				DEVELOPMENT_TEAM = ZHB7Q2Z8C6;
				GENERATE_INFOPLIST_FILE = YES;
				MARKETING_VERSION = 1.0;
				PRODUCT_BUNDLE_IDENTIFIER = com.adriannamikulska.HarryPotterUITests;
				PRODUCT_NAME = "$(TARGET_NAME)";
				SWIFT_EMIT_LOC_STRINGS = NO;
				SWIFT_VERSION = 5.0;
				TARGETED_DEVICE_FAMILY = "1,2";
				TEST_TARGET_NAME = HarryPotter;
			};
			name = Release;
		};
/* End XCBuildConfiguration section */

/* Begin XCConfigurationList section */
		409B82F828AE59F50039D201 /* Build configuration list for PBXProject "HarryPotter" */ = {
			isa = XCConfigurationList;
			buildConfigurations = (
				409B832528AE59F70039D201 /* Debug */,
				409B832628AE59F70039D201 /* Release */,
			);
			defaultConfigurationIsVisible = 0;
			defaultConfigurationName = Release;
		};
		409B832728AE59F70039D201 /* Build configuration list for PBXNativeTarget "HarryPotter" */ = {
			isa = XCConfigurationList;
			buildConfigurations = (
				409B832828AE59F70039D201 /* Debug */,
				409B832928AE59F70039D201 /* Release */,
			);
			defaultConfigurationIsVisible = 0;
			defaultConfigurationName = Release;
		};
		409B832A28AE59F70039D201 /* Build configuration list for PBXNativeTarget "HarryPotterTests" */ = {
			isa = XCConfigurationList;
			buildConfigurations = (
				409B832B28AE59F70039D201 /* Debug */,
				409B832C28AE59F70039D201 /* Release */,
			);
			defaultConfigurationIsVisible = 0;
			defaultConfigurationName = Release;
		};
		409B832D28AE59F70039D201 /* Build configuration list for PBXNativeTarget "HarryPotterUITests" */ = {
			isa = XCConfigurationList;
			buildConfigurations = (
				409B832E28AE59F70039D201 /* Debug */,
				409B832F28AE59F70039D201 /* Release */,
			);
			defaultConfigurationIsVisible = 0;
			defaultConfigurationName = Release;
		};
/* End XCConfigurationList section */
	};
	rootObject = 409B82F528AE59F50039D201 /* Project object */;
}
